
Microsoft Visual Studio Solution File, Format Version 12.00
# Visual Studio 15
VisualStudioVersion = 15.0.26430.15
MinimumVisualStudioVersion = 10.0.40219.1
Project("{FAE04EC0-301F-11D3-BF4B-00C04F79EFBC}") = "ABenNET.SuperSocket.AppClient", "ABenNET.SuperSocket.AppClient\ABenNET.SuperSocket.AppClient.csproj", "{1C031C74-811E-4914-B562-F347994D4AC5}"
EndProject
Project("{FAE04EC0-301F-11D3-BF4B-00C04F79EFBC}") = "ABenNET.SuperSocket.AppServer", "ABenNET.SuperSocket.AppServer\ABenNET.SuperSocket.AppServer.csproj", "{9972DCCB-EEF7-410A-BB79-49BF0413A9AE}"
EndProject
Project("{FAE04EC0-301F-11D3-BF4B-00C04F79EFBC}") = "ABenNET.SuperSocket.WindowService", "ABenNET.SuperSocket.WindowService\ABenNET.SuperSocket.WindowService.csproj", "{693B8F4C-4BEB-4C74-8A63-989B0F0E0891}"
EndProject
Global
	GlobalSection(SolutionConfigurationPlatforms) = preSolution
		Debug|Any CPU = Debug|Any CPU
		Debug|Mixed Platforms = Debug|Mixed Platforms
		Debug|x86 = Debug|x86
		Release|Any CPU = Release|Any CPU
		Release|Mixed Platforms = Release|Mixed Platforms
		Release|x86 = Release|x86
	EndGlobalSection
	GlobalSection(ProjectConfigurationPlatforms) = postSolution
		{1C031C74-811E-4914-B562-F347994D4AC5}.Debug|Any CPU.ActiveCfg = Debug|x86
		{1C031C74-811E-4914-B562-F347994D4AC5}.Debug|Mixed Platforms.ActiveCfg = Debug|x86
		{1C031C74-811E-4914-B562-F347994D4AC5}.Debug|Mixed Platforms.Build.0 = Debug|x86
		{1C031C74-811E-4914-B562-F347994D4AC5}.Debug|x86.ActiveCfg = Debug|x86
		{1C031C74-811E-4914-B562-F347994D4AC5}.Debug|x86.Build.0 = Debug|x86
		{1C031C74-811E-4914-B562-F347994D4AC5}.Release|Any CPU.ActiveCfg = Release|x86
		{1C031C74-811E-4914-B562-F347994D4AC5}.Release|Mixed Platforms.ActiveCfg = Release|x86
		{1C031C74-811E-4914-B562-F347994D4AC5}.Release|Mixed Platforms.Build.0 = Release|x86
		{1C031C74-811E-4914-B562-F347994D4AC5}.Release|x86.ActiveCfg = Release|x86
		{1C031C74-811E-4914-B562-F347994D4AC5}.Release|x86.Build.0 = Release|x86
		{9972DCCB-EEF7-410A-BB79-49BF0413A9AE}.Debug|Any CPU.ActiveCfg = Debug|x86
		{9972DCCB-EEF7-410A-BB79-49BF0413A9AE}.Debug|Mixed Platforms.ActiveCfg = Debug|x86
		{9972DCCB-EEF7-410A-BB79-49BF0413A9AE}.Debug|Mixed Platforms.Build.0 = Debug|x86
		{9972DCCB-EEF7-410A-BB79-49BF0413A9AE}.Debug|x86.ActiveCfg = Debug|x86
		{9972DCCB-EEF7-410A-BB79-49BF0413A9AE}.Debug|x86.Build.0 = Debug|x86
		{9972DCCB-EEF7-410A-BB79-49BF0413A9AE}.Release|Any CPU.ActiveCfg = Release|x86
		{9972DCCB-EEF7-410A-BB79-49BF0413A9AE}.Release|Mixed Platforms.ActiveCfg = Release|x86
		{9972DCCB-EEF7-410A-BB79-49BF0413A9AE}.Release|Mixed Platforms.Build.0 = Release|x86
		{9972DCCB-EEF7-410A-BB79-49BF0413A9AE}.Release|x86.ActiveCfg = Release|x86
		{9972DCCB-EEF7-410A-BB79-49BF0413A9AE}.Release|x86.Build.0 = Release|x86
		{693B8F4C-4BEB-4C74-8A63-989B0F0E0891}.Debug|Any CPU.ActiveCfg = Debug|Any CPU
		{693B8F4C-4BEB-4C74-8A63-989B0F0E0891}.Debug|Any CPU.Build.0 = Debug|Any CPU
		{693B8F4C-4BEB-4C74-8A63-989B0F0E0891}.Debug|Mixed Platforms.ActiveCfg = Debug|Any CPU
		{693B8F4C-4BEB-4C74-8A63-989B0F0E0891}.Debug|Mixed Platforms.Build.0 = Debug|Any CPU
		{693B8F4C-4BEB-4C74-8A63-989B0F0E0891}.Debug|x86.ActiveCfg = Debug|Any CPU
		{693B8F4C-4BEB-4C74-8A63-989B0F0E0891}.Release|Any CPU.ActiveCfg = Release|Any CPU
		{693B8F4C-4BEB-4C74-8A63-989B0F0E0891}.Release|Any CPU.Build.0 = Release|Any CPU
		{693B8F4C-4BEB-4C74-8A63-989B0F0E0891}.Release|Mixed Platforms.ActiveCfg = Release|Any CPU
		{693B8F4C-4BEB-4C74-8A63-989B0F0E0891}.Release|Mixed Platforms.Build.0 = Release|Any CPU
		{693B8F4C-4BEB-4C74-8A63-989B0F0E0891}.Release|x86.ActiveCfg = Release|Any CPU
	EndGlobalSection
	GlobalSection(SolutionProperties) = preSolution
		HideSolutionNode = FALSE
	EndGlobalSection
EndGlobal
